lockfileVersion: '9.0'

settings:
  autoInstallPeers: true
  excludeLinksFromLockfile: false

importers:

  .:
    dependencies:
      crypto-js:
        specifier: ^4.2.0
        version: 4.2.0
      node-appwrite:
        specifier: ^13.0.0
        version: 13.0.0
    devDependencies:
      '@types/node':
        specifier: ^20.14.9
        version: 20.14.9

packages:

  '@types/node@20.14.9':
    resolution: {integrity: sha512-06OCtnTXtWOZBJlRApleWndH4JsRVs1pDCc8dLSQp+7PpUpX3ePdHyeNSFTeSe7FtKyQkrlPvHwJOW3SLd8Oyg==}

  crypto-js@4.2.0:
    resolution: {integrity: sha512-KALDyEYgpY+Rlob/iriUtjV6d5Eq+Y191A5g4UqLAi8CyGP9N1+FdVbkc1SxKc2r4YAYqG8JzO2KGL+AizD70Q==}

  node-appwrite@13.0.0:
    resolution: {integrity: sha512-O1g1RWcRYcvnVvR0Dykjoe/4UcL6ELVvZosb4B8/hhNvleuWfN2fOFxzeCaU8amGW6UtVtZqvNaUT3IF1mPBdA==}

  node-fetch-native-with-agent@1.7.2:
    resolution: {integrity: sha512-5MaOOCuJEvcckoz7/tjdx1M6OusOY6Xc5f459IaruGStWnKzlI1qpNgaAwmn4LmFYcsSlj+jBMk84wmmRxfk5g==}

  undici-types@5.26.5:
    resolution: {integrity: sha512-JlCMO+ehdEIKqlFxk6IfVoAUVmgz7cU7zD/h9XZ0qzeosSHmUJVOzSQvvYSYWXkFXC+IfLKSIffhv0sVZup6pA==}

snapshots:

  '@types/node@20.14.9':
    dependencies:
      undici-types: 5.26.5

  crypto-js@4.2.0: {}

  node-appwrite@13.0.0:
    dependencies:
      node-fetch-native-with-agent: 1.7.2

  node-fetch-native-with-agent@1.7.2: {}

  undici-types@5.26.5: {}
